
Microsoft Visual Studio Solution File, Format Version 12.00
# Visual Studio 15
VisualStudioVersion = 15.0.28307.136
MinimumVisualStudioVersion = 10.0.40219.1
Project("{FAE04EC0-301F-11D3-BF4B-00C04F79EFBC}") = "TheBowlingGameKata", "TheBowlingGameKata\TheBowlingGameKata.csproj", "{114043DF-5EBA-492F-965B-064679D8A4B4}"
EndProject
Project("{FAE04EC0-301F-11D3-BF4B-00C04F79EFBC}") = "TheBowlingGameKataTests", "TheBowlingGameKataTests\TheBowlingGameKataTests.csproj", "{A2D363BF-DDFE-4144-BD3A-69C10CDBBBBA}"
EndProject
Global
	GlobalSection(SolutionConfigurationPlatforms) = preSolution
		Debug|Any CPU = Debug|Any CPU
		Release|Any CPU = Release|Any CPU
	EndGlobalSection
	GlobalSection(ProjectConfigurationPlatforms) = postSolution
		{114043DF-5EBA-492F-965B-064679D8A4B4}.Debug|Any CPU.ActiveCfg = Debug|Any CPU
		{114043DF-5EBA-492F-965B-064679D8A4B4}.Debug|Any CPU.Build.0 = Debug|Any CPU
		{114043DF-5EBA-492F-965B-064679D8A4B4}.Release|Any CPU.ActiveCfg = Release|Any CPU
		{114043DF-5EBA-492F-965B-064679D8A4B4}.Release|Any CPU.Build.0 = Release|Any CPU
		{A2D363BF-DDFE-4144-BD3A-69C10CDBBBBA}.Debug|Any CPU.ActiveCfg = Debug|Any CPU
		{A2D363BF-DDFE-4144-BD3A-69C10CDBBBBA}.Debug|Any CPU.Build.0 = Debug|Any CPU
		{A2D363BF-DDFE-4144-BD3A-69C10CDBBBBA}.Release|Any CPU.ActiveCfg = Release|Any CPU
		{A2D363BF-DDFE-4144-BD3A-69C10CDBBBBA}.Release|Any CPU.Build.0 = Release|Any CPU
	EndGlobalSection
	GlobalSection(SolutionProperties) = preSolution
		HideSolutionNode = FALSE
	EndGlobalSection
	GlobalSection(ExtensibilityGlobals) = postSolution
		SolutionGuid = {62BF6B80-AC0B-473F-8493-394511ECDE45}
	EndGlobalSection
EndGlobal
